// !$*UTF8*$!
{
	archiveVersion = 1;
	classes = {
	};
	objectVersion = 55;
	objects = {

/* Begin PBXBuildFile section */
		85457A4F27E7B6D6002F08F4 /* AppDelegate.swift in Sources */ = {isa = PBXBuildFile; fileRef = 85457A4E27E7B6D6002F08F4 /* AppDelegate.swift */; };
		85457A5127E7B6D6002F08F4 /* SceneDelegate.swift in Sources */ = {isa = PBXBuildFile; fileRef = 85457A5027E7B6D6002F08F4 /* SceneDelegate.swift */; };
		85457A5827E7B6D7002F08F4 /* Assets.xcassets in Resources */ = {isa = PBXBuildFile; fileRef = 85457A5727E7B6D7002F08F4 /* Assets.xcassets */; };
		85457A5B27E7B6D7002F08F4 /* LaunchScreen.storyboard in Resources */ = {isa = PBXBuildFile; fileRef = 85457A5927E7B6D7002F08F4 /* LaunchScreen.storyboard */; };
		85457A8527E7B7E4002F08F4 /* BaseViewController.swift in Sources */ = {isa = PBXBuildFile; fileRef = 85457A7F27E7B7E4002F08F4 /* BaseViewController.swift */; };
		85457A8627E7B7E4002F08F4 /* BaseViewModel.swift in Sources */ = {isa = PBXBuildFile; fileRef = 85457A8027E7B7E4002F08F4 /* BaseViewModel.swift */; };
		85457A8727E7B7E4002F08F4 /* BaseView.swift in Sources */ = {isa = PBXBuildFile; fileRef = 85457A8127E7B7E4002F08F4 /* BaseView.swift */; };
		85457A8827E7B7E4002F08F4 /* Coordinator.swift in Sources */ = {isa = PBXBuildFile; fileRef = 85457A8227E7B7E4002F08F4 /* Coordinator.swift */; };
		85457A8927E7B7E4002F08F4 /* BaseCoordinator.swift in Sources */ = {isa = PBXBuildFile; fileRef = 85457A8327E7B7E4002F08F4 /* BaseCoordinator.swift */; };
		85457A8A27E7B7E4002F08F4 /* BaseModel.swift in Sources */ = {isa = PBXBuildFile; fileRef = 85457A8427E7B7E4002F08F4 /* BaseModel.swift */; };
		856D6C7C27E9EC2100600676 /* String+Validation.swift in Sources */ = {isa = PBXBuildFile; fileRef = 856D6C7B27E9EC2100600676 /* String+Validation.swift */; };
		856D6C7E27E9F23E00600676 /* ViewController+.swift in Sources */ = {isa = PBXBuildFile; fileRef = 856D6C7D27E9F23E00600676 /* ViewController+.swift */; };
		856D6C8027E9F36800600676 /* UserService.swift in Sources */ = {isa = PBXBuildFile; fileRef = 856D6C7F27E9F36800600676 /* UserService.swift */; };
		856D6C8327E9F40E00600676 /* Defaults.swift in Sources */ = {isa = PBXBuildFile; fileRef = 856D6C8227E9F40E00600676 /* Defaults.swift */; };
		856D6C9227EA067400600676 /* MainCoordinator.swift in Sources */ = {isa = PBXBuildFile; fileRef = 856D6C9127EA067400600676 /* MainCoordinator.swift */; };
		856D6C9427EA16A000600676 /* SecondCoordinator.swift in Sources */ = {isa = PBXBuildFile; fileRef = 856D6C9327EA16A000600676 /* SecondCoordinator.swift */; };
		856D6C9627EA16B000600676 /* FirstViewCoordinator.swift in Sources */ = {isa = PBXBuildFile; fileRef = 856D6C9527EA16B000600676 /* FirstViewCoordinator.swift */; };
		856D6C9827EA2F5800600676 /* FirstView.swift in Sources */ = {isa = PBXBuildFile; fileRef = 856D6C9727EA2F5800600676 /* FirstView.swift */; };
		856D6C9A27EA2F6000600676 /* FirstViewModel.swift in Sources */ = {isa = PBXBuildFile; fileRef = 856D6C9927EA2F6000600676 /* FirstViewModel.swift */; };
		856D6C9C27EA2F6900600676 /* FirstViewController.swift in Sources */ = {isa = PBXBuildFile; fileRef = 856D6C9B27EA2F6900600676 /* FirstViewController.swift */; };
		856D6C9E27EA327800600676 /* SecondViewModel.swift in Sources */ = {isa = PBXBuildFile; fileRef = 856D6C9D27EA327800600676 /* SecondViewModel.swift */; };
		856D6CA027EA328200600676 /* SecondViewController.swift in Sources */ = {isa = PBXBuildFile; fileRef = 856D6C9F27EA328200600676 /* SecondViewController.swift */; };
		856D6CA227EA329300600676 /* SecondView.swift in Sources */ = {isa = PBXBuildFile; fileRef = 856D6CA127EA329300600676 /* SecondView.swift */; };
		8579C76327E7B948002BEFA5 /* LoginCoordinator.swift in Sources */ = {isa = PBXBuildFile; fileRef = 8579C76227E7B948002BEFA5 /* LoginCoordinator.swift */; };
		8579C76527E7B954002BEFA5 /* LoginView.swift in Sources */ = {isa = PBXBuildFile; fileRef = 8579C76427E7B954002BEFA5 /* LoginView.swift */; };
		8579C76727E7B962002BEFA5 /* LoginViewModel.swift in Sources */ = {isa = PBXBuildFile; fileRef = 8579C76627E7B962002BEFA5 /* LoginViewModel.swift */; };
		8579C76927E7B972002BEFA5 /* LoginViewController.swift in Sources */ = {isa = PBXBuildFile; fileRef = 8579C76827E7B972002BEFA5 /* LoginViewController.swift */; };
		8579C76B27E7C695002BEFA5 /* AppCoordinator.swift in Sources */ = {isa = PBXBuildFile; fileRef = 8579C76A27E7C695002BEFA5 /* AppCoordinator.swift */; };
		8579C76E27E7CBBD002BEFA5 /* Dimension.swift in Sources */ = {isa = PBXBuildFile; fileRef = 8579C76D27E7CBBD002BEFA5 /* Dimension.swift */; };
		DC0AB194496707507ED20521 /* Pods_MVVMApplication.framework in Frameworks */ = {isa = PBXBuildFile; fileRef = 9585AA1E302AA127D6261721 /* Pods_MVVMApplication.framework */; };
/* End PBXBuildFile section */

/* Begin PBXFileReference section */
		156381482985F78F7DCB61F3 /* Pods-MVVMApplication.release.xcconfig */ = {isa = PBXFileReference; includeInIndex = 1; lastKnownFileType = text.xcconfig; name = "Pods-MVVMApplication.release.xcconfig"; path = "Target Support Files/Pods-MVVMApplication/Pods-MVVMApplication.release.xcconfig"; sourceTree = "<group>"; };
		1E2E7C38B6557F0A7CB5B798 /* Pods-MVVMApplicationTests.release.xcconfig */ = {isa = PBXFileReference; includeInIndex = 1; lastKnownFileType = text.xcconfig; name = "Pods-MVVMApplicationTests.release.xcconfig"; path = "Target Support Files/Pods-MVVMApplicationTests/Pods-MVVMApplicationTests.release.xcconfig"; sourceTree = "<group>"; };
		63F0C4AF84647C9B72B394C1 /* Pods_MVVMApplicationTests.framework */ = {isa = PBXFileReference; explicitFileType = wrapper.framework; includeInIndex = 0; path = Pods_MVVMApplicationTests.framework; sourceTree = BUILT_PRODUCTS_DIR; };
		7F964FA776D6D17C4C95457F /* Pods-MVVMApplication-MVVMApplicationUITests.release.xcconfig */ = {isa = PBXFileReference; includeInIndex = 1; lastKnownFileType = text.xcconfig; name = "Pods-MVVMApplication-MVVMApplicationUITests.release.xcconfig"; path = "Target Support Files/Pods-MVVMApplication-MVVMApplicationUITests/Pods-MVVMApplication-MVVMApplicationUITests.release.xcconfig"; sourceTree = "<group>"; };
		85457A4B27E7B6D6002F08F4 /* MVVMApplication.app */ = {isa = PBXFileReference; explicitFileType = wrapper.application; includeInIndex = 0; path = MVVMApplication.app; sourceTree = BUILT_PRODUCTS_DIR; };
		85457A4E27E7B6D6002F08F4 /* AppDelegate.swift */ = {isa = PBXFileReference; lastKnownFileType = sourcecode.swift; path = AppDelegate.swift; sourceTree = "<group>"; };
		85457A5027E7B6D6002F08F4 /* SceneDelegate.swift */ = {isa = PBXFileReference; lastKnownFileType = sourcecode.swift; path = SceneDelegate.swift; sourceTree = "<group>"; };
		85457A5727E7B6D7002F08F4 /* Assets.xcassets */ = {isa = PBXFileReference; lastKnownFileType = folder.assetcatalog; path = Assets.xcassets; sourceTree = "<group>"; };
		85457A5A27E7B6D7002F08F4 /* Base */ = {isa = PBXFileReference; lastKnownFileType = file.storyboard; name = Base; path = Base.lproj/LaunchScreen.storyboard; sourceTree = "<group>"; };
		85457A5C27E7B6D7002F08F4 /* Info.plist */ = {isa = PBXFileReference; lastKnownFileType = text.plist.xml; path = Info.plist; sourceTree = "<group>"; };
		85457A7F27E7B7E4002F08F4 /* BaseViewController.swift */ = {isa = PBXFileReference; fileEncoding = 4; lastKnownFileType = sourcecode.swift; path = BaseViewController.swift; sourceTree = "<group>"; };
		85457A8027E7B7E4002F08F4 /* BaseViewModel.swift */ = {isa = PBXFileReference; fileEncoding = 4; lastKnownFileType = sourcecode.swift; path = BaseViewModel.swift; sourceTree = "<group>"; };
		85457A8127E7B7E4002F08F4 /* BaseView.swift */ = {isa = PBXFileReference; fileEncoding = 4; lastKnownFileType = sourcecode.swift; path = BaseView.swift; sourceTree = "<group>"; };
		85457A8227E7B7E4002F08F4 /* Coordinator.swift */ = {isa = PBXFileReference; fileEncoding = 4; lastKnownFileType = sourcecode.swift; path = Coordinator.swift; sourceTree = "<group>"; };
		85457A8327E7B7E4002F08F4 /* BaseCoordinator.swift */ = {isa = PBXFileReference; fileEncoding = 4; lastKnownFileType = sourcecode.swift; path = BaseCoordinator.swift; sourceTree = "<group>"; };
		85457A8427E7B7E4002F08F4 /* BaseModel.swift */ = {isa = PBXFileReference; fileEncoding = 4; lastKnownFileType = sourcecode.swift; path = BaseModel.swift; sourceTree = "<group>"; };
		856D6C7B27E9EC2100600676 /* String+Validation.swift */ = {isa = PBXFileReference; lastKnownFileType = sourcecode.swift; path = "String+Validation.swift"; sourceTree = "<group>"; };
		856D6C7D27E9F23E00600676 /* ViewController+.swift */ = {isa = PBXFileReference; lastKnownFileType = sourcecode.swift; path = "ViewController+.swift"; sourceTree = "<group>"; };
		856D6C7F27E9F36800600676 /* UserService.swift */ = {isa = PBXFileReference; lastKnownFileType = sourcecode.swift; path = UserService.swift; sourceTree = "<group>"; };
		856D6C8227E9F40E00600676 /* Defaults.swift */ = {isa = PBXFileReference; lastKnownFileType = sourcecode.swift; path = Defaults.swift; sourceTree = "<group>"; };
		856D6C9127EA067400600676 /* MainCoordinator.swift */ = {isa = PBXFileReference; lastKnownFileType = sourcecode.swift; path = MainCoordinator.swift; sourceTree = "<group>"; };
		856D6C9327EA16A000600676 /* SecondCoordinator.swift */ = {isa = PBXFileReference; lastKnownFileType = sourcecode.swift; path = SecondCoordinator.swift; sourceTree = "<group>"; };
		856D6C9527EA16B000600676 /* FirstViewCoordinator.swift */ = {isa = PBXFileReference; lastKnownFileType = sourcecode.swift; path = FirstViewCoordinator.swift; sourceTree = "<group>"; };
		856D6C9727EA2F5800600676 /* FirstView.swift */ = {isa = PBXFileReference; lastKnownFileType = sourcecode.swift; path = FirstView.swift; sourceTree = "<group>"; };
		856D6C9927EA2F6000600676 /* FirstViewModel.swift */ = {isa = PBXFileReference; lastKnownFileType = sourcecode.swift; path = FirstViewModel.swift; sourceTree = "<group>"; };
		856D6C9B27EA2F6900600676 /* FirstViewController.swift */ = {isa = PBXFileReference; lastKnownFileType = sourcecode.swift; path = FirstViewController.swift; sourceTree = "<group>"; };
		856D6C9D27EA327800600676 /* SecondViewModel.swift */ = {isa = PBXFileReference; lastKnownFileType = sourcecode.swift; path = SecondViewModel.swift; sourceTree = "<group>"; };
		856D6C9F27EA328200600676 /* SecondViewController.swift */ = {isa = PBXFileReference; lastKnownFileType = sourcecode.swift; path = SecondViewController.swift; sourceTree = "<group>"; };
		856D6CA127EA329300600676 /* SecondView.swift */ = {isa = PBXFileReference; lastKnownFileType = sourcecode.swift; path = SecondView.swift; sourceTree = "<group>"; };
		8579C76227E7B948002BEFA5 /* LoginCoordinator.swift */ = {isa = PBXFileReference; lastKnownFileType = sourcecode.swift; path = LoginCoordinator.swift; sourceTree = "<group>"; };
		8579C76427E7B954002BEFA5 /* LoginView.swift */ = {isa = PBXFileReference; lastKnownFileType = sourcecode.swift; path = LoginView.swift; sourceTree = "<group>"; };
		8579C76627E7B962002BEFA5 /* LoginViewModel.swift */ = {isa = PBXFileReference; lastKnownFileType = sourcecode.swift; path = LoginViewModel.swift; sourceTree = "<group>"; };
		8579C76827E7B972002BEFA5 /* LoginViewController.swift */ = {isa = PBXFileReference; lastKnownFileType = sourcecode.swift; path = LoginViewController.swift; sourceTree = "<group>"; };
		8579C76A27E7C695002BEFA5 /* AppCoordinator.swift */ = {isa = PBXFileReference; lastKnownFileType = sourcecode.swift; path = AppCoordinator.swift; sourceTree = "<group>"; };
		8579C76D27E7CBBD002BEFA5 /* Dimension.swift */ = {isa = PBXFileReference; lastKnownFileType = sourcecode.swift; path = Dimension.swift; sourceTree = "<group>"; };
		9585AA1E302AA127D6261721 /* Pods_MVVMApplication.framework */ = {isa = PBXFileReference; explicitFileType = wrapper.framework; includeInIndex = 0; path = Pods_MVVMApplication.framework; sourceTree = BUILT_PRODUCTS_DIR; };
		B29A890329B84A610C663AD6 /* Pods-MVVMApplication.debug.xcconfig */ = {isa = PBXFileReference; includeInIndex = 1; lastKnownFileType = text.xcconfig; name = "Pods-MVVMApplication.debug.xcconfig"; path = "Target Support Files/Pods-MVVMApplication/Pods-MVVMApplication.debug.xcconfig"; sourceTree = "<group>"; };
		B682357462CAFE8EC1BAF705 /* Pods-MVVMApplicationTests.debug.xcconfig */ = {isa = PBXFileReference; includeInIndex = 1; lastKnownFileType = text.xcconfig; name = "Pods-MVVMApplicationTests.debug.xcconfig"; path = "Target Support Files/Pods-MVVMApplicationTests/Pods-MVVMApplicationTests.debug.xcconfig"; sourceTree = "<group>"; };
		C885F83820CC0C2FE3C8829D /* Pods_MVVMApplication_MVVMApplicationUITests.framework */ = {isa = PBXFileReference; explicitFileType = wrapper.framework; includeInIndex = 0; path = Pods_MVVMApplication_MVVMApplicationUITests.framework; sourceTree = BUILT_PRODUCTS_DIR; };
		E01F6F97CF65CC7EE2126EA2 /* Pods-MVVMApplication-MVVMApplicationUITests.debug.xcconfig */ = {isa = PBXFileReference; includeInIndex = 1; lastKnownFileType = text.xcconfig; name = "Pods-MVVMApplication-MVVMApplicationUITests.debug.xcconfig"; path = "Target Support Files/Pods-MVVMApplication-MVVMApplicationUITests/Pods-MVVMApplication-MVVMApplicationUITests.debug.xcconfig"; sourceTree = "<group>"; };
/* End PBXFileReference section */

/* Begin PBXFrameworksBuildPhase section */
		85457A4827E7B6D6002F08F4 /* Frameworks */ = {
			isa = PBXFrameworksBuildPhase;
			buildActionMask = 2147483647;
			files = (
				DC0AB194496707507ED20521 /* Pods_MVVMApplication.framework in Frameworks */,
			);
			runOnlyForDeploymentPostprocessing = 0;
		};
/* End PBXFrameworksBuildPhase section */

/* Begin PBXGroup section */
		85457A4227E7B6D6002F08F4 = {
			isa = PBXGroup;
			children = (
				85457A4D27E7B6D6002F08F4 /* MVVMApplication */,
				85457A4C27E7B6D6002F08F4 /* Products */,
				8ADAD1E97A035F7E3B613F8F /* Pods */,
				E560C5A1FD9832B7E9848344 /* Frameworks */,
			);
			sourceTree = "<group>";
		};
		85457A4C27E7B6D6002F08F4 /* Products */ = {
			isa = PBXGroup;
			children = (
				85457A4B27E7B6D6002F08F4 /* MVVMApplication.app */,
			);
			name = Products;
			sourceTree = "<group>";
		};
		85457A4D27E7B6D6002F08F4 /* MVVMApplication */ = {
			isa = PBXGroup;
			children = (
				856D6C8127E9F36D00600676 /* Service */,
				8579C76C27E7CB82002BEFA5 /* Base */,
				856D6CA427EA883400600676 /* Feature */,
				856D6CA527EA885500600676 /* Resources */,
			);
			path = MVVMApplication;
			sourceTree = "<group>";
		};
		85457A7E27E7B722002F08F4 /* Architecture */ = {
			isa = PBXGroup;
			children = (
				8579C76A27E7C695002BEFA5 /* AppCoordinator.swift */,
				85457A8327E7B7E4002F08F4 /* BaseCoordinator.swift */,
				85457A8427E7B7E4002F08F4 /* BaseModel.swift */,
				85457A8127E7B7E4002F08F4 /* BaseView.swift */,
				85457A7F27E7B7E4002F08F4 /* BaseViewController.swift */,
				85457A8027E7B7E4002F08F4 /* BaseViewModel.swift */,
				85457A8227E7B7E4002F08F4 /* Coordinator.swift */,
			);
			path = Architecture;
			sourceTree = "<group>";
		};
		856D6C8127E9F36D00600676 /* Service */ = {
			isa = PBXGroup;
			children = (
				856D6C7F27E9F36800600676 /* UserService.swift */,
				856D6C8227E9F40E00600676 /* Defaults.swift */,
			);
			path = Service;
			sourceTree = "<group>";
		};
		856D6C8F27EA064100600676 /* FirstTab */ = {
			isa = PBXGroup;
			children = (
				856D6C9527EA16B000600676 /* FirstViewCoordinator.swift */,
				856D6C9727EA2F5800600676 /* FirstView.swift */,
				856D6C9927EA2F6000600676 /* FirstViewModel.swift */,
				856D6C9B27EA2F6900600676 /* FirstViewController.swift */,
			);
			path = FirstTab;
			sourceTree = "<group>";
		};
		856D6C9027EA064F00600676 /* SecondTap */ = {
			isa = PBXGroup;
			children = (
				856D6C9327EA16A000600676 /* SecondCoordinator.swift */,
				856D6CA127EA329300600676 /* SecondView.swift */,
				856D6C9D27EA327800600676 /* SecondViewModel.swift */,
				856D6C9F27EA328200600676 /* SecondViewController.swift */,
			);
			path = SecondTap;
			sourceTree = "<group>";
		};
		856D6CA327EA87E800600676 /* Extension */ = {
			isa = PBXGroup;
			children = (
				856D6C7D27E9F23E00600676 /* ViewController+.swift */,
				856D6C7B27E9EC2100600676 /* String+Validation.swift */,
			);
			path = Extension;
			sourceTree = "<group>";
		};
		856D6CA427EA883400600676 /* Feature */ = {
			isa = PBXGroup;
			children = (
				8579C76027E7B913002BEFA5 /* Tabs */,
				8579C75F27E7B908002BEFA5 /* Login */,
			);
			path = Feature;
			sourceTree = "<group>";
		};
		856D6CA527EA885500600676 /* Resources */ = {
			isa = PBXGroup;
			children = (
				85457A5727E7B6D7002F08F4 /* Assets.xcassets */,
				85457A5927E7B6D7002F08F4 /* LaunchScreen.storyboard */,
				85457A5C27E7B6D7002F08F4 /* Info.plist */,
			);
			path = Resources;
			sourceTree = "<group>";
		};
		8579C75F27E7B908002BEFA5 /* Login */ = {
			isa = PBXGroup;
			children = (
				8579C76227E7B948002BEFA5 /* LoginCoordinator.swift */,
				8579C76427E7B954002BEFA5 /* LoginView.swift */,
				8579C76827E7B972002BEFA5 /* LoginViewController.swift */,
				8579C76627E7B962002BEFA5 /* LoginViewModel.swift */,
			);
			path = Login;
			sourceTree = "<group>";
		};
		8579C76027E7B913002BEFA5 /* Tabs */ = {
			isa = PBXGroup;
			children = (
				856D6C9127EA067400600676 /* MainCoordinator.swift */,
				856D6C9027EA064F00600676 /* SecondTap */,
				856D6C8F27EA064100600676 /* FirstTab */,
			);
			path = Tabs;
			sourceTree = "<group>";
		};
		8579C76C27E7CB82002BEFA5 /* Base */ = {
			isa = PBXGroup;
			children = (
				85457A4E27E7B6D6002F08F4 /* AppDelegate.swift */,
				85457A5027E7B6D6002F08F4 /* SceneDelegate.swift */,
				856D6CA327EA87E800600676 /* Extension */,
				85457A7E27E7B722002F08F4 /* Architecture */,
				8579C76D27E7CBBD002BEFA5 /* Dimension.swift */,
			);
			path = Base;
			sourceTree = "<group>";
		};
		8ADAD1E97A035F7E3B613F8F /* Pods */ = {
			isa = PBXGroup;
			children = (
				B29A890329B84A610C663AD6 /* Pods-MVVMApplication.debug.xcconfig */,
				156381482985F78F7DCB61F3 /* Pods-MVVMApplication.release.xcconfig */,
				E01F6F97CF65CC7EE2126EA2 /* Pods-MVVMApplication-MVVMApplicationUITests.debug.xcconfig */,
				7F964FA776D6D17C4C95457F /* Pods-MVVMApplication-MVVMApplicationUITests.release.xcconfig */,
				B682357462CAFE8EC1BAF705 /* Pods-MVVMApplicationTests.debug.xcconfig */,
				1E2E7C38B6557F0A7CB5B798 /* Pods-MVVMApplicationTests.release.xcconfig */,
			);
			path = Pods;
			sourceTree = "<group>";
		};
		E560C5A1FD9832B7E9848344 /* Frameworks */ = {
			isa = PBXGroup;
			children = (
				9585AA1E302AA127D6261721 /* Pods_MVVMApplication.framework */,
				C885F83820CC0C2FE3C8829D /* Pods_MVVMApplication_MVVMApplicationUITests.framework */,
				63F0C4AF84647C9B72B394C1 /* Pods_MVVMApplicationTests.framework */,
			);
			name = Frameworks;
			sourceTree = "<group>";
		};
/* End PBXGroup section */

/* Begin PBXNativeTarget section */
		85457A4A27E7B6D6002F08F4 /* MVVMApplication */ = {
			isa = PBXNativeTarget;
			buildConfigurationList = 85457A7527E7B6D7002F08F4 /* Build configuration list for PBXNativeTarget "MVVMApplication" */;
			buildPhases = (
				8B480C42115B5E85C6B091EE /* [CP] Check Pods Manifest.lock */,
				85457A4727E7B6D6002F08F4 /* Sources */,
				85457A4827E7B6D6002F08F4 /* Frameworks */,
				85457A4927E7B6D6002F08F4 /* Resources */,
				3C8D2B919E7BEA215724885C /* [CP] Embed Pods Frameworks */,
			);
			buildRules = (
			);
			dependencies = (
			);
			name = MVVMApplication;
			productName = MVVMApplication;
			productReference = 85457A4B27E7B6D6002F08F4 /* MVVMApplication.app */;
			productType = "com.apple.product-type.application";
		};
/* End PBXNativeTarget section */

/* Begin PBXProject section */
		85457A4327E7B6D6002F08F4 /* Project object */ = {
			isa = PBXProject;
			attributes = {
				BuildIndependentTargetsInParallel = 1;
				LastSwiftUpdateCheck = 1330;
				LastUpgradeCheck = 1330;
				TargetAttributes = {
					85457A4A27E7B6D6002F08F4 = {
						CreatedOnToolsVersion = 13.3;
					};
				};
			};
			buildConfigurationList = 85457A4627E7B6D6002F08F4 /* Build configuration list for PBXProject "MVVMApplication" */;
			compatibilityVersion = "Xcode 13.0";
			developmentRegion = en;
			hasScannedForEncodings = 0;
			knownRegions = (
				en,
				Base,
			);
			mainGroup = 85457A4227E7B6D6002F08F4;
			productRefGroup = 85457A4C27E7B6D6002F08F4 /* Products */;
			projectDirPath = "";
			projectRoot = "";
			targets = (
				85457A4A27E7B6D6002F08F4 /* MVVMApplication */,
			);
		};
/* End PBXProject section */

/* Begin PBXResourcesBuildPhase section */
		85457A4927E7B6D6002F08F4 /* Resources */ = {
			isa = PBXResourcesBuildPhase;
			buildActionMask = 2147483647;
			files = (
				85457A5B27E7B6D7002F08F4 /* LaunchScreen.storyboard in Resources */,
				85457A5827E7B6D7002F08F4 /* Assets.xcassets in Resources */,
			);
			runOnlyForDeploymentPostprocessing = 0;
		};
/* End PBXResourcesBuildPhase section */

/* Begin PBXShellScriptBuildPhase section */
		3C8D2B919E7BEA215724885C /* [CP] Embed Pods Frameworks */ = {
			isa = PBXShellScriptBuildPhase;
			buildActionMask = 2147483647;
			files = (
			);
			inputFileListPaths = (
				"${PODS_ROOT}/Target Support Files/Pods-MVVMApplication/Pods-MVVMApplication-frameworks-${CONFIGURATION}-input-files.xcfilelist",
			);
			name = "[CP] Embed Pods Frameworks";
			outputFileListPaths = (
				"${PODS_ROOT}/Target Support Files/Pods-MVVMApplication/Pods-MVVMApplication-frameworks-${CONFIGURATION}-output-files.xcfilelist",
			);
			runOnlyForDeploymentPostprocessing = 0;
			shellPath = /bin/sh;
			shellScript = "\"${PODS_ROOT}/Target Support Files/Pods-MVVMApplication/Pods-MVVMApplication-frameworks.sh\"\n";
			showEnvVarsInLog = 0;
		};
		8B480C42115B5E85C6B091EE /* [CP] Check Pods Manifest.lock */ = {
			isa = PBXShellScriptBuildPhase;
			buildActionMask = 2147483647;
			files = (
			);
			inputFileListPaths = (
			);
			inputPaths = (
				"${PODS_PODFILE_DIR_PATH}/Podfile.lock",
				"${PODS_ROOT}/Manifest.lock",
			);
			name = "[CP] Check Pods Manifest.lock";
			outputFileListPaths = (
			);
			outputPaths = (
				"$(DERIVED_FILE_DIR)/Pods-MVVMApplication-checkManifestLockResult.txt",
			);
			runOnlyForDeploymentPostprocessing = 0;
			shellPath = /bin/sh;
			shellScript = "diff \"${PODS_PODFILE_DIR_PATH}/Podfile.lock\" \"${PODS_ROOT}/Manifest.lock\" > /dev/null\nif [ $? != 0 ] ; then\n    # print error to STDERR\n    echo \"error: The sandbox is not in sync with the Podfile.lock. Run 'pod install' or update your CocoaPods installation.\" >&2\n    exit 1\nfi\n# This output is used by Xcode 'outputs' to avoid re-running this script phase.\necho \"SUCCESS\" > \"${SCRIPT_OUTPUT_FILE_0}\"\n";
			showEnvVarsInLog = 0;
		};
/* End PBXShellScriptBuildPhase section */

/* Begin PBXSourcesBuildPhase section */
		85457A4727E7B6D6002F08F4 /* Sources */ = {
			isa = PBXSourcesBuildPhase;
			buildActionMask = 2147483647;
			files = (
				85457A8A27E7B7E4002F08F4 /* BaseModel.swift in Sources */,
				856D6C9227EA067400600676 /* MainCoordinator.swift in Sources */,
				8579C76727E7B962002BEFA5 /* LoginViewModel.swift in Sources */,
				856D6C8027E9F36800600676 /* UserService.swift in Sources */,
				8579C76327E7B948002BEFA5 /* LoginCoordinator.swift in Sources */,
				856D6C9E27EA327800600676 /* SecondViewModel.swift in Sources */,
				85457A8627E7B7E4002F08F4 /* BaseViewModel.swift in Sources */,
				85457A8527E7B7E4002F08F4 /* BaseViewController.swift in Sources */,
				8579C76B27E7C695002BEFA5 /* AppCoordinator.swift in Sources */,
				85457A8727E7B7E4002F08F4 /* BaseView.swift in Sources */,
				8579C76E27E7CBBD002BEFA5 /* Dimension.swift in Sources */,
				85457A4F27E7B6D6002F08F4 /* AppDelegate.swift in Sources */,
				85457A5127E7B6D6002F08F4 /* SceneDelegate.swift in Sources */,
				856D6CA227EA329300600676 /* SecondView.swift in Sources */,
				856D6C7E27E9F23E00600676 /* ViewController+.swift in Sources */,
				856D6C9627EA16B000600676 /* FirstViewCoordinator.swift in Sources */,
				856D6C8327E9F40E00600676 /* Defaults.swift in Sources */,
				8579C76527E7B954002BEFA5 /* LoginView.swift in Sources */,
				85457A8827E7B7E4002F08F4 /* Coordinator.swift in Sources */,
				856D6C9827EA2F5800600676 /* FirstView.swift in Sources */,
				856D6C9A27EA2F6000600676 /* FirstViewModel.swift in Sources */,
				856D6CA027EA328200600676 /* SecondViewController.swift in Sources */,
				856D6C9C27EA2F6900600676 /* FirstViewController.swift in Sources */,
				856D6C9427EA16A000600676 /* SecondCoordinator.swift in Sources */,
				8579C76927E7B972002BEFA5 /* LoginViewController.swift in Sources */,
				85457A8927E7B7E4002F08F4 /* BaseCoordinator.swift in Sources */,
				856D6C7C27E9EC2100600676 /* String+Validation.swift in Sources */,
			);
			runOnlyForDeploymentPostprocessing = 0;
		};
/* End PBXSourcesBuildPhase section */

/* Begin PBXVariantGroup section */
		85457A5927E7B6D7002F08F4 /* LaunchScreen.storyboard */ = {
			isa = PBXVariantGroup;
			children = (
				85457A5A27E7B6D7002F08F4 /* Base */,
			);
			name = LaunchScreen.storyboard;
			sourceTree = "<group>";
		};
/* End PBXVariantGroup section */

/* Begin XCBuildConfiguration section */
		85457A7327E7B6D7002F08F4 /* Debug */ = {
			isa = XCBuildConfiguration;
			buildSettings = {
				ALWAYS_SEARCH_USER_PATHS = NO;
				CLANG_ANALYZER_NONNULL = YES;
				CLANG_ANALYZER_NUMBER_OBJECT_CONVERSION = YES_AGGRESSIVE;
				CLANG_CXX_LANGUAGE_STANDARD = "gnu++17";
				CLANG_ENABLE_MODULES = YES;
				CLANG_ENABLE_OBJC_ARC = YES;
				CLANG_ENABLE_OBJC_WEAK = YES;
				CLANG_WARN_BLOCK_CAPTURE_AUTORELEASING = YES;
				CLANG_WARN_BOOL_CONVERSION = YES;
				CLANG_WARN_COMMA = YES;
				CLANG_WARN_CONSTANT_CONVERSION = YES;
				CLANG_WARN_DEPRECATED_OBJC_IMPLEMENTATIONS = YES;
				CLANG_WARN_DIRECT_OBJC_ISA_USAGE = YES_ERROR;
				CLANG_WARN_DOCUMENTATION_COMMENTS = YES;
				CLANG_WARN_EMPTY_BODY = YES;
				CLANG_WARN_ENUM_CONVERSION = YES;
				CLANG_WARN_INFINITE_RECURSION = YES;
				CLANG_WARN_INT_CONVERSION = YES;
				CLANG_WARN_NON_LITERAL_NULL_CONVERSION = YES;
				CLANG_WARN_OBJC_IMPLICIT_RETAIN_SELF = YES;
				CLANG_WARN_OBJC_LITERAL_CONVERSION = YES;
				CLANG_WARN_OBJC_ROOT_CLASS = YES_ERROR;
				CLANG_WARN_QUOTED_INCLUDE_IN_FRAMEWORK_HEADER = YES;
				CLANG_WARN_RANGE_LOOP_ANALYSIS = YES;
				CLANG_WARN_STRICT_PROTOTYPES = YES;
				CLANG_WARN_SUSPICIOUS_MOVE = YES;
				CLANG_WARN_UNGUARDED_AVAILABILITY = YES_AGGRESSIVE;
				CLANG_WARN_UNREACHABLE_CODE = YES;
				CLANG_WARN__DUPLICATE_METHOD_MATCH = YES;
				COPY_PHASE_STRIP = NO;
				DEBUG_INFORMATION_FORMAT = dwarf;
				ENABLE_STRICT_OBJC_MSGSEND = YES;
				ENABLE_TESTABILITY = YES;
				GCC_C_LANGUAGE_STANDARD = gnu11;
				GCC_DYNAMIC_NO_PIC = NO;
				GCC_NO_COMMON_BLOCKS = YES;
				GCC_OPTIMIZATION_LEVEL = 0;
				GCC_PREPROCESSOR_DEFINITIONS = (
					"DEBUG=1",
					"$(inherited)",
				);
				GCC_WARN_64_TO_32_BIT_CONVERSION = YES;
				GCC_WARN_ABOUT_RETURN_TYPE = YES_ERROR;
				GCC_WARN_UNDECLARED_SELECTOR = YES;
				GCC_WARN_UNINITIALIZED_AUTOS = YES_AGGRESSIVE;
				GCC_WARN_UNUSED_FUNCTION = YES;
				GCC_WARN_UNUSED_VARIABLE = YES;
				IPHONEOS_DEPLOYMENT_TARGET = 15.4;
				MTL_ENABLE_DEBUG_INFO = INCLUDE_SOURCE;
				MTL_FAST_MATH = YES;
				ONLY_ACTIVE_ARCH = YES;
				SDKROOT = iphoneos;
				SWIFT_ACTIVE_COMPILATION_CONDITIONS = DEBUG;
				SWIFT_OPTIMIZATION_LEVEL = "-Onone";
			};
			name = Debug;
		};
		85457A7427E7B6D7002F08F4 /* Release */ = {
			isa = XCBuildConfiguration;
			buildSettings = {
				ALWAYS_SEARCH_USER_PATHS = NO;
				CLANG_ANALYZER_NONNULL = YES;
				CLANG_ANALYZER_NUMBER_OBJECT_CONVERSION = YES_AGGRESSIVE;
				CLANG_CXX_LANGUAGE_STANDARD = "gnu++17";
				CLANG_ENABLE_MODULES = YES;
				CLANG_ENABLE_OBJC_ARC = YES;
				CLANG_ENABLE_OBJC_WEAK = YES;
				CLANG_WARN_BLOCK_CAPTURE_AUTORELEASING = YES;
				CLANG_WARN_BOOL_CONVERSION = YES;
				CLANG_WARN_COMMA = YES;
				CLANG_WARN_CONSTANT_CONVERSION = YES;
				CLANG_WARN_DEPRECATED_OBJC_IMPLEMENTATIONS = YES;
				CLANG_WARN_DIRECT_OBJC_ISA_USAGE = YES_ERROR;
				CLANG_WARN_DOCUMENTATION_COMMENTS = YES;
				CLANG_WARN_EMPTY_BODY = YES;
				CLANG_WARN_ENUM_CONVERSION = YES;
				CLANG_WARN_INFINITE_RECURSION = YES;
				CLANG_WARN_INT_CONVERSION = YES;
				CLANG_WARN_NON_LITERAL_NULL_CONVERSION = YES;
				CLANG_WARN_OBJC_IMPLICIT_RETAIN_SELF = YES;
				CLANG_WARN_OBJC_LITERAL_CONVERSION = YES;
				CLANG_WARN_OBJC_ROOT_CLASS = YES_ERROR;
				CLANG_WARN_QUOTED_INCLUDE_IN_FRAMEWORK_HEADER = YES;
				CLANG_WARN_RANGE_LOOP_ANALYSIS = YES;
				CLANG_WARN_STRICT_PROTOTYPES = YES;
				CLANG_WARN_SUSPICIOUS_MOVE = YES;
				CLANG_WARN_UNGUARDED_AVAILABILITY = YES_AGGRESSIVE;
				CLANG_WARN_UNREACHABLE_CODE = YES;
				CLANG_WARN__DUPLICATE_METHOD_MATCH = YES;
				COPY_PHASE_STRIP = NO;
				DEBUG_INFORMATION_FORMAT = "dwarf-with-dsym";
				ENABLE_NS_ASSERTIONS = NO;
				ENABLE_STRICT_OBJC_MSGSEND = YES;
				GCC_C_LANGUAGE_STANDARD = gnu11;
				GCC_NO_COMMON_BLOCKS = YES;
				GCC_WARN_64_TO_32_BIT_CONVERSION = YES;
				GCC_WARN_ABOUT_RETURN_TYPE = YES_ERROR;
				GCC_WARN_UNDECLARED_SELECTOR = YES;
				GCC_WARN_UNINITIALIZED_AUTOS = YES_AGGRESSIVE;
				GCC_WARN_UNUSED_FUNCTION = YES;
				GCC_WARN_UNUSED_VARIABLE = YES;
				IPHONEOS_DEPLOYMENT_TARGET = 15.4;
				MTL_ENABLE_DEBUG_INFO = NO;
				MTL_FAST_MATH = YES;
				SDKROOT = iphoneos;
				SWIFT_COMPILATION_MODE = wholemodule;
				SWIFT_OPTIMIZATION_LEVEL = "-O";
				VALIDATE_PRODUCT = YES;
			};
			name = Release;
		};
		85457A7627E7B6D7002F08F4 /* Debug */ = {
			isa = XCBuildConfiguration;
			baseConfigurationReference = B29A890329B84A610C663AD6 /* Pods-MVVMApplication.debug.xcconfig */;
			buildSettings = {
				ASSETCATALOG_COMPILER_APPICON_NAME = AppIcon;
				ASSETCATALOG_COMPILER_GLOBAL_ACCENT_COLOR_NAME = AccentColor;
				CODE_SIGN_STYLE = Automatic;
				CURRENT_PROJECT_VERSION = 1;
				DEVELOPMENT_TEAM = SMWT55DAVK;
				GENERATE_INFOPLIST_FILE = YES;
				INFOPLIST_FILE = MVVMApplication/Resources/Info.plist;
				INFOPLIST_KEY_UIApplicationSupportsIndirectInputEvents = YES;
				INFOPLIST_KEY_UILaunchStoryboardName = LaunchScreen;
				INFOPLIST_KEY_UISupportedInterfaceOrientations_iPad = "UIInterfaceOrientationPortrait UIInterfaceOrientationPortraitUpsideDown UIInterfaceOrientationLandscapeLeft UIInterfaceOrientationLandscapeRight";
				INFOPLIST_KEY_UISupportedInterfaceOrientations_iPhone = "UIInterfaceOrientationPortrait UIInterfaceOrientationLandscapeLeft UIInterfaceOrientationLandscapeRight";
				LD_RUNPATH_SEARCH_PATHS = (
					"$(inherited)",
					"@executable_path/Frameworks",
				);
				MARKETING_VERSION = 1.0;
				PRODUCT_BUNDLE_IDENTIFIER = demo.app.MVVMApplication;
				PRODUCT_NAME = "$(TARGET_NAME)";
				SWIFT_EMIT_LOC_STRINGS = YES;
				SWIFT_VERSION = 5.0;
				TARGETED_DEVICE_FAMILY = "1,2";
			};
			name = Debug;
		};
		85457A7727E7B6D7002F08F4 /* Release */ = {
			isa = XCBuildConfiguration;
			baseConfigurationReference = 156381482985F78F7DCB61F3 /* Pods-MVVMApplication.release.xcconfig */;
			buildSettings = {
				ASSETCATALOG_COMPILER_APPICON_NAME = AppIcon;
				ASSETCATALOG_COMPILER_GLOBAL_ACCENT_COLOR_NAME = AccentColor;
				CODE_SIGN_STYLE = Automatic;
				CURRENT_PROJECT_VERSION = 1;
				DEVELOPMENT_TEAM = SMWT55DAVK;
				GENERATE_INFOPLIST_FILE = YES;
				INFOPLIST_FILE = MVVMApplication/Resources/Info.plist;
				INFOPLIST_KEY_UIApplicationSupportsIndirectInputEvents = YES;
				INFOPLIST_KEY_UILaunchStoryboardName = LaunchScreen;
				INFOPLIST_KEY_UISupportedInterfaceOrientations_iPad = "UIInterfaceOrientationPortrait UIInterfaceOrientationPortraitUpsideDown UIInterfaceOrientationLandscapeLeft UIInterfaceOrientationLandscapeRight";
				INFOPLIST_KEY_UISupportedInterfaceOrientations_iPhone = "UIInterfaceOrientationPortrait UIInterfaceOrientationLandscapeLeft UIInterfaceOrientationLandscapeRight";
				LD_RUNPATH_SEARCH_PATHS = (
					"$(inherited)",
					"@executable_path/Frameworks",
				);
				MARKETING_VERSION = 1.0;
				PRODUCT_BUNDLE_IDENTIFIER = demo.app.MVVMApplication;
				PRODUCT_NAME = "$(TARGET_NAME)";
				SWIFT_EMIT_LOC_STRINGS = YES;
				SWIFT_VERSION = 5.0;
				TARGETED_DEVICE_FAMILY = "1,2";
			};
			name = Release;
		};
/* End XCBuildConfiguration section */

/* Begin XCConfigurationList section */
		85457A4627E7B6D6002F08F4 /* Build configuration list for PBXProject "MVVMApplication" */ = {
			isa = XCConfigurationList;
			buildConfigurations = (
				85457A7327E7B6D7002F08F4 /* Debug */,
				85457A7427E7B6D7002F08F4 /* Release */,
			);
			defaultConfigurationIsVisible = 0;
			defaultConfigurationName = Release;
		};
		85457A7527E7B6D7002F08F4 /* Build configuration list for PBXNativeTarget "MVVMApplication" */ = {
			isa = XCConfigurationList;
			buildConfigurations = (
				85457A7627E7B6D7002F08F4 /* Debug */,
				85457A7727E7B6D7002F08F4 /* Release */,
			);
			defaultConfigurationIsVisible = 0;
			defaultConfigurationName = Release;
		};
/* End XCConfigurationList section */
	};
	rootObject = 85457A4327E7B6D6002F08F4 /* Project object */;
}
